
Microsoft Visual Studio Solution File, Format Version 12.00
# Visual Studio Version 17
VisualStudioVersion = 17.13.35825.156 d17.13
MinimumVisualStudioVersion = 10.0.40219.1
Project("{FAE04EC0-301F-11D3-BF4B-00C04F79EFBC}") = "MatriculaUPC", "MatriculaUPC\MatriculaUPC.csproj", "{12726C32-99E5-45B5-8B49-3CE7E8C7A547}"
EndProject
Global
	GlobalSection(SolutionConfigurationPlatforms) = preSolution
		Debug|Any CPU = Debug|Any CPU
		Release|Any CPU = Release|Any CPU
	EndGlobalSection
	GlobalSection(ProjectConfigurationPlatforms) = postSolution
		{12726C32-99E5-45B5-8B49-3CE7E8C7A547}.Debug|Any CPU.ActiveCfg = Debug|Any CPU
		{12726C32-99E5-45B5-8B49-3CE7E8C7A547}.Debug|Any CPU.Build.0 = Debug|Any CPU
		{12726C32-99E5-45B5-8B49-3CE7E8C7A547}.Release|Any CPU.ActiveCfg = Release|Any CPU
		{12726C32-99E5-45B5-8B49-3CE7E8C7A547}.Release|Any CPU.Build.0 = Release|Any CPU
	EndGlobalSection
	GlobalSection(SolutionProperties) = preSolution
		HideSolutionNode = FALSE
	EndGlobalSection
	GlobalSection(ExtensibilityGlobals) = postSolution
		SolutionGuid = {F871E054-3E86-4A86-8C3A-1499FEEDC8BF}
	EndGlobalSection
EndGlobal
